
Microsoft Visual Studio Solution File, Format Version 11.00
# Visual Studio 2010
Project("{FAE04EC0-301F-11D3-BF4B-00C04F79EFBC}") = "Forms", "Forms\Forms.csproj", "{A5CDB06A-1C0C-48E3-8A09-447E22EFE896}"
EndProject
Project("{2150E333-8FDC-42A3-9474-1A3956D46DE8}") = "Solution Items", "Solution Items", "{78D98BDD-3CD7-49CF-ADE1-426EFACB656B}"
	ProjectSection(SolutionItems) = preProject
		Local.testsettings = Local.testsettings
		SalutationRules4.vsmdi = SalutationRules4.vsmdi
		TraceAndTestImpact.testsettings = TraceAndTestImpact.testsettings
	EndProjectSection
EndProject
Project("{FAE04EC0-301F-11D3-BF4B-00C04F79EFBC}") = "ActivityLibrary", "ActivityLibrary\ActivityLibrary.csproj", "{9CD779C3-468E-46D7-8492-0E5C504A7612}"
EndProject
Project("{FAE04EC0-301F-11D3-BF4B-00C04F79EFBC}") = "SharedLibrary", "SharedLibrary\SharedLibrary.csproj", "{10468B66-CFDA-44BE-9E22-931129A42FEA}"
EndProject
Global
	GlobalSection(TestCaseManagementSettings) = postSolution
		CategoryFile = SalutationRules4.vsmdi
	EndGlobalSection
	GlobalSection(SolutionConfigurationPlatforms) = preSolution
		Debug|Any CPU = Debug|Any CPU
		Debug|Mixed Platforms = Debug|Mixed Platforms
		Debug|x86 = Debug|x86
		Release|Any CPU = Release|Any CPU
		Release|Mixed Platforms = Release|Mixed Platforms
		Release|x86 = Release|x86
	EndGlobalSection
	GlobalSection(ProjectConfigurationPlatforms) = postSolution
		{A5CDB06A-1C0C-48E3-8A09-447E22EFE896}.Debug|Any CPU.ActiveCfg = Debug|x86
		{A5CDB06A-1C0C-48E3-8A09-447E22EFE896}.Debug|Mixed Platforms.ActiveCfg = Debug|x86
		{A5CDB06A-1C0C-48E3-8A09-447E22EFE896}.Debug|Mixed Platforms.Build.0 = Debug|x86
		{A5CDB06A-1C0C-48E3-8A09-447E22EFE896}.Debug|x86.ActiveCfg = Debug|x86
		{A5CDB06A-1C0C-48E3-8A09-447E22EFE896}.Debug|x86.Build.0 = Debug|x86
		{A5CDB06A-1C0C-48E3-8A09-447E22EFE896}.Release|Any CPU.ActiveCfg = Release|x86
		{A5CDB06A-1C0C-48E3-8A09-447E22EFE896}.Release|Mixed Platforms.ActiveCfg = Release|x86
		{A5CDB06A-1C0C-48E3-8A09-447E22EFE896}.Release|Mixed Platforms.Build.0 = Release|x86
		{A5CDB06A-1C0C-48E3-8A09-447E22EFE896}.Release|x86.ActiveCfg = Release|x86
		{A5CDB06A-1C0C-48E3-8A09-447E22EFE896}.Release|x86.Build.0 = Release|x86
		{9CD779C3-468E-46D7-8492-0E5C504A7612}.Debug|Any CPU.ActiveCfg = Debug|Any CPU
		{9CD779C3-468E-46D7-8492-0E5C504A7612}.Debug|Any CPU.Build.0 = Debug|Any CPU
		{9CD779C3-468E-46D7-8492-0E5C504A7612}.Debug|Mixed Platforms.ActiveCfg = Debug|Any CPU
		{9CD779C3-468E-46D7-8492-0E5C504A7612}.Debug|Mixed Platforms.Build.0 = Debug|Any CPU
		{9CD779C3-468E-46D7-8492-0E5C504A7612}.Debug|x86.ActiveCfg = Debug|Any CPU
		{9CD779C3-468E-46D7-8492-0E5C504A7612}.Release|Any CPU.ActiveCfg = Release|Any CPU
		{9CD779C3-468E-46D7-8492-0E5C504A7612}.Release|Any CPU.Build.0 = Release|Any CPU
		{9CD779C3-468E-46D7-8492-0E5C504A7612}.Release|Mixed Platforms.ActiveCfg = Release|Any CPU
		{9CD779C3-468E-46D7-8492-0E5C504A7612}.Release|Mixed Platforms.Build.0 = Release|Any CPU
		{9CD779C3-468E-46D7-8492-0E5C504A7612}.Release|x86.ActiveCfg = Release|Any CPU
		{10468B66-CFDA-44BE-9E22-931129A42FEA}.Debug|Any CPU.ActiveCfg = Debug|Any CPU
		{10468B66-CFDA-44BE-9E22-931129A42FEA}.Debug|Any CPU.Build.0 = Debug|Any CPU
		{10468B66-CFDA-44BE-9E22-931129A42FEA}.Debug|Mixed Platforms.ActiveCfg = Debug|Any CPU
		{10468B66-CFDA-44BE-9E22-931129A42FEA}.Debug|Mixed Platforms.Build.0 = Debug|Any CPU
		{10468B66-CFDA-44BE-9E22-931129A42FEA}.Debug|x86.ActiveCfg = Debug|Any CPU
		{10468B66-CFDA-44BE-9E22-931129A42FEA}.Release|Any CPU.ActiveCfg = Release|Any CPU
		{10468B66-CFDA-44BE-9E22-931129A42FEA}.Release|Any CPU.Build.0 = Release|Any CPU
		{10468B66-CFDA-44BE-9E22-931129A42FEA}.Release|Mixed Platforms.ActiveCfg = Release|Any CPU
		{10468B66-CFDA-44BE-9E22-931129A42FEA}.Release|Mixed Platforms.Build.0 = Release|Any CPU
		{10468B66-CFDA-44BE-9E22-931129A42FEA}.Release|x86.ActiveCfg = Release|Any CPU
	EndGlobalSection
	GlobalSection(SolutionProperties) = preSolution
		HideSolutionNode = FALSE
	EndGlobalSection
EndGlobal
